
Microsoft Visual Studio Solution File, Format Version 12.00
# Visual Studio Version 16
VisualStudioVersion = 16.0.30517.126
MinimumVisualStudioVersion = 10.0.40219.1
Project("{FAE04EC0-301F-11D3-BF4B-00C04F79EFBC}") = "OrderService", "OrderService\OrderService.csproj", "{719153A3-BB8B-439B-8671-62C59FA66D7B}"
EndProject
Project("{FAE04EC0-301F-11D3-BF4B-00C04F79EFBC}") = "InventoryService", "InventoryService\InventoryService.csproj", "{D13F26C9-8815-4F49-814E-57813881571E}"
EndProject
Global
	GlobalSection(SolutionConfigurationPlatforms) = preSolution
		Debug|Any CPU = Debug|Any CPU
		Release|Any CPU = Release|Any CPU
	EndGlobalSection
	GlobalSection(ProjectConfigurationPlatforms) = postSolution
		{719153A3-BB8B-439B-8671-62C59FA66D7B}.Debug|Any CPU.ActiveCfg = Debug|Any CPU
		{719153A3-BB8B-439B-8671-62C59FA66D7B}.Debug|Any CPU.Build.0 = Debug|Any CPU
		{719153A3-BB8B-439B-8671-62C59FA66D7B}.Release|Any CPU.ActiveCfg = Release|Any CPU
		{719153A3-BB8B-439B-8671-62C59FA66D7B}.Release|Any CPU.Build.0 = Release|Any CPU
		{D13F26C9-8815-4F49-814E-57813881571E}.Debug|Any CPU.ActiveCfg = Debug|Any CPU
		{D13F26C9-8815-4F49-814E-57813881571E}.Debug|Any CPU.Build.0 = Debug|Any CPU
		{D13F26C9-8815-4F49-814E-57813881571E}.Release|Any CPU.ActiveCfg = Release|Any CPU
		{D13F26C9-8815-4F49-814E-57813881571E}.Release|Any CPU.Build.0 = Release|Any CPU
	EndGlobalSection
	GlobalSection(SolutionProperties) = preSolution
		HideSolutionNode = FALSE
	EndGlobalSection
	GlobalSection(ExtensibilityGlobals) = postSolution
		SolutionGuid = {870EE716-6308-4D13-99D1-7A8FC3116F96}
	EndGlobalSection
EndGlobal
